
Microsoft Visual Studio Solution File, Format Version 12.00
# Visual Studio 15
VisualStudioVersion = 15.0.27130.2010
MinimumVisualStudioVersion = 10.0.40219.1
Project("{FAE04EC0-301F-11D3-BF4B-00C04F79EFBC}") = "AspNetCoreAuth2", "AspNetCoreAuth2\AspNetCoreAuth2.csproj", "{82184A31-0748-4A95-BAAD-14DDA1DABB2C}"
EndProject
Global
	GlobalSection(SolutionConfigurationPlatforms) = preSolution
		Debug|Any CPU = Debug|Any CPU
		Release|Any CPU = Release|Any CPU
	EndGlobalSection
	GlobalSection(ProjectConfigurationPlatforms) = postSolution
		{82184A31-0748-4A95-BAAD-14DDA1DABB2C}.Debug|Any CPU.ActiveCfg = Debug|Any CPU
		{82184A31-0748-4A95-BAAD-14DDA1DABB2C}.Debug|Any CPU.Build.0 = Debug|Any CPU
		{82184A31-0748-4A95-BAAD-14DDA1DABB2C}.Release|Any CPU.ActiveCfg = Release|Any CPU
		{82184A31-0748-4A95-BAAD-14DDA1DABB2C}.Release|Any CPU.Build.0 = Release|Any CPU
	EndGlobalSection
	GlobalSection(SolutionProperties) = preSolution
		HideSolutionNode = FALSE
	EndGlobalSection
	GlobalSection(ExtensibilityGlobals) = postSolution
		SolutionGuid = {F52FF3F3-CD78-4D0E-B66D-9CF35D4B4B79}
	EndGlobalSection
EndGlobal
